
Microsoft Visual Studio Solution File, Format Version 12.00
# Visual Studio Version 16
VisualStudioVersion = 16.0.31410.357
MinimumVisualStudioVersion = 10.0.40219.1
Project("{FAE04EC0-301F-11D3-BF4B-00C04F79EFBC}") = "CountryhouseService", "CountryhouseService.csproj", "{EC97E899-52DD-426B-A19C-56A433E3BB3F}"
EndProject
Global
	GlobalSection(SolutionConfigurationPlatforms) = preSolution
		Debug|Any CPU = Debug|Any CPU
		Release|Any CPU = Release|Any CPU
	EndGlobalSection
	GlobalSection(ProjectConfigurationPlatforms) = postSolution
		{EC97E899-52DD-426B-A19C-56A433E3BB3F}.Debug|Any CPU.ActiveCfg = Debug|Any CPU
		{EC97E899-52DD-426B-A19C-56A433E3BB3F}.Debug|Any CPU.Build.0 = Debug|Any CPU
		{EC97E899-52DD-426B-A19C-56A433E3BB3F}.Release|Any CPU.ActiveCfg = Release|Any CPU
		{EC97E899-52DD-426B-A19C-56A433E3BB3F}.Release|Any CPU.Build.0 = Release|Any CPU
	EndGlobalSection
	GlobalSection(SolutionProperties) = preSolution
		HideSolutionNode = FALSE
	EndGlobalSection
	GlobalSection(ExtensibilityGlobals) = postSolution
		SolutionGuid = {8B15E231-3D9D-40F9-BA4A-9D0093BE9AE4}
	EndGlobalSection
EndGlobal
